
Microsoft Visual Studio Solution File, Format Version 12.00
# Visual Studio Version 17
VisualStudioVersion = 17.9.34622.214
MinimumVisualStudioVersion = 10.0.40219.1
Project("{FAE04EC0-301F-11D3-BF4B-00C04F79EFBC}") = "Assigment", "Assigment\Assigment.csproj", "{9071C914-A55F-4A7A-862E-7EB948F2F833}"
EndProject
Global
	GlobalSection(SolutionConfigurationPlatforms) = preSolution
		Debug|Any CPU = Debug|Any CPU
		Release|Any CPU = Release|Any CPU
	EndGlobalSection
	GlobalSection(ProjectConfigurationPlatforms) = postSolution
		{9071C914-A55F-4A7A-862E-7EB948F2F833}.Debug|Any CPU.ActiveCfg = Debug|Any CPU
		{9071C914-A55F-4A7A-862E-7EB948F2F833}.Debug|Any CPU.Build.0 = Debug|Any CPU
		{9071C914-A55F-4A7A-862E-7EB948F2F833}.Release|Any CPU.ActiveCfg = Release|Any CPU
		{9071C914-A55F-4A7A-862E-7EB948F2F833}.Release|Any CPU.Build.0 = Release|Any CPU
	EndGlobalSection
	GlobalSection(SolutionProperties) = preSolution
		HideSolutionNode = FALSE
	EndGlobalSection
	GlobalSection(ExtensibilityGlobals) = postSolution
		SolutionGuid = {7E2CACC7-56F7-4051-977E-C9D5D916D99E}
	EndGlobalSection
EndGlobal
